
Microsoft Visual Studio Solution File, Format Version 12.00
Project("{2150E333-8FDC-42A3-9474-1A3956D46DE8}") = "1.GettingStarted", "1.GettingStarted", "{437837AA-AECD-4F38-BBB5-AE8873E1DCCC}"
EndProject
Project("{2150E333-8FDC-42A3-9474-1A3956D46DE8}") = "Helpers", "Helpers", "{E206559B-5371-451B-AD2E-D5E304174D51}"
	ProjectSection(SolutionItems) = preProject
		Helpers\Course.postman_collection.json = Helpers\Course.postman_collection.json
		Helpers\movies.json = Helpers\movies.json
	EndProjectSection
EndProject
Project("{FAE04EC0-301F-11D3-BF4B-00C04F79EFBC}") = "Movies.Api", "Movies.Api\Movies.Api.csproj", "{3C53C7FE-86B4-4D51-AEAB-5E5BA1137D07}"
EndProject
Project("{FAE04EC0-301F-11D3-BF4B-00C04F79EFBC}") = "Movies.Application", "Movies.Application\Movies.Application.csproj", "{49D99F31-6FAB-421C-B405-705638F1C091}"
EndProject
Project("{FAE04EC0-301F-11D3-BF4B-00C04F79EFBC}") = "Movies.Contracts", "Movies.Contracts\Movies.Contracts.csproj", "{8112DE27-B117-42B6-9F4B-FB5A1293DF24}"
EndProject
Project("{2150E333-8FDC-42A3-9474-1A3956D46DE8}") = "Solution Items", "Solution Items", "{997FDDD1-B9AA-42A7-9EF0-701B6BBD7D11}"
	ProjectSection(SolutionItems) = preProject
		compose.yaml = compose.yaml
	EndProjectSection
EndProject
Project("{FAE04EC0-301F-11D3-BF4B-00C04F79EFBC}") = "Movies.Auth", "Movies.Auth\Movies.Auth.csproj", "{21052825-CF03-4DF9-9E99-C166BA5E8665}"
EndProject
Global
	GlobalSection(SolutionConfigurationPlatforms) = preSolution
		Debug|Any CPU = Debug|Any CPU
		Debug|x64 = Debug|x64
		Debug|x86 = Debug|x86
		Release|Any CPU = Release|Any CPU
		Release|x64 = Release|x64
		Release|x86 = Release|x86
	EndGlobalSection
	GlobalSection(ProjectConfigurationPlatforms) = postSolution
		{3C53C7FE-86B4-4D51-AEAB-5E5BA1137D07}.Debug|Any CPU.ActiveCfg = Debug|Any CPU
		{3C53C7FE-86B4-4D51-AEAB-5E5BA1137D07}.Debug|Any CPU.Build.0 = Debug|Any CPU
		{3C53C7FE-86B4-4D51-AEAB-5E5BA1137D07}.Debug|x64.ActiveCfg = Debug|Any CPU
		{3C53C7FE-86B4-4D51-AEAB-5E5BA1137D07}.Debug|x64.Build.0 = Debug|Any CPU
		{3C53C7FE-86B4-4D51-AEAB-5E5BA1137D07}.Debug|x86.ActiveCfg = Debug|Any CPU
		{3C53C7FE-86B4-4D51-AEAB-5E5BA1137D07}.Debug|x86.Build.0 = Debug|Any CPU
		{3C53C7FE-86B4-4D51-AEAB-5E5BA1137D07}.Release|Any CPU.ActiveCfg = Release|Any CPU
		{3C53C7FE-86B4-4D51-AEAB-5E5BA1137D07}.Release|Any CPU.Build.0 = Release|Any CPU
		{3C53C7FE-86B4-4D51-AEAB-5E5BA1137D07}.Release|x64.ActiveCfg = Release|Any CPU
		{3C53C7FE-86B4-4D51-AEAB-5E5BA1137D07}.Release|x64.Build.0 = Release|Any CPU
		{3C53C7FE-86B4-4D51-AEAB-5E5BA1137D07}.Release|x86.ActiveCfg = Release|Any CPU
		{3C53C7FE-86B4-4D51-AEAB-5E5BA1137D07}.Release|x86.Build.0 = Release|Any CPU
		{49D99F31-6FAB-421C-B405-705638F1C091}.Debug|Any CPU.ActiveCfg = Debug|Any CPU
		{49D99F31-6FAB-421C-B405-705638F1C091}.Debug|Any CPU.Build.0 = Debug|Any CPU
		{49D99F31-6FAB-421C-B405-705638F1C091}.Debug|x64.ActiveCfg = Debug|Any CPU
		{49D99F31-6FAB-421C-B405-705638F1C091}.Debug|x64.Build.0 = Debug|Any CPU
		{49D99F31-6FAB-421C-B405-705638F1C091}.Debug|x86.ActiveCfg = Debug|Any CPU
		{49D99F31-6FAB-421C-B405-705638F1C091}.Debug|x86.Build.0 = Debug|Any CPU
		{49D99F31-6FAB-421C-B405-705638F1C091}.Release|Any CPU.ActiveCfg = Release|Any CPU
		{49D99F31-6FAB-421C-B405-705638F1C091}.Release|Any CPU.Build.0 = Release|Any CPU
		{49D99F31-6FAB-421C-B405-705638F1C091}.Release|x64.ActiveCfg = Release|Any CPU
		{49D99F31-6FAB-421C-B405-705638F1C091}.Release|x64.Build.0 = Release|Any CPU
		{49D99F31-6FAB-421C-B405-705638F1C091}.Release|x86.ActiveCfg = Release|Any CPU
		{49D99F31-6FAB-421C-B405-705638F1C091}.Release|x86.Build.0 = Release|Any CPU
		{8112DE27-B117-42B6-9F4B-FB5A1293DF24}.Debug|Any CPU.ActiveCfg = Debug|Any CPU
		{8112DE27-B117-42B6-9F4B-FB5A1293DF24}.Debug|Any CPU.Build.0 = Debug|Any CPU
		{8112DE27-B117-42B6-9F4B-FB5A1293DF24}.Debug|x64.ActiveCfg = Debug|Any CPU
		{8112DE27-B117-42B6-9F4B-FB5A1293DF24}.Debug|x64.Build.0 = Debug|Any CPU
		{8112DE27-B117-42B6-9F4B-FB5A1293DF24}.Debug|x86.ActiveCfg = Debug|Any CPU
		{8112DE27-B117-42B6-9F4B-FB5A1293DF24}.Debug|x86.Build.0 = Debug|Any CPU
		{8112DE27-B117-42B6-9F4B-FB5A1293DF24}.Release|Any CPU.ActiveCfg = Release|Any CPU
		{8112DE27-B117-42B6-9F4B-FB5A1293DF24}.Release|Any CPU.Build.0 = Release|Any CPU
		{8112DE27-B117-42B6-9F4B-FB5A1293DF24}.Release|x64.ActiveCfg = Release|Any CPU
		{8112DE27-B117-42B6-9F4B-FB5A1293DF24}.Release|x64.Build.0 = Release|Any CPU
		{8112DE27-B117-42B6-9F4B-FB5A1293DF24}.Release|x86.ActiveCfg = Release|Any CPU
		{8112DE27-B117-42B6-9F4B-FB5A1293DF24}.Release|x86.Build.0 = Release|Any CPU
		{21052825-CF03-4DF9-9E99-C166BA5E8665}.Debug|Any CPU.ActiveCfg = Debug|Any CPU
		{21052825-CF03-4DF9-9E99-C166BA5E8665}.Debug|Any CPU.Build.0 = Debug|Any CPU
		{21052825-CF03-4DF9-9E99-C166BA5E8665}.Debug|x64.ActiveCfg = Debug|Any CPU
		{21052825-CF03-4DF9-9E99-C166BA5E8665}.Debug|x64.Build.0 = Debug|Any CPU
		{21052825-CF03-4DF9-9E99-C166BA5E8665}.Debug|x86.ActiveCfg = Debug|Any CPU
		{21052825-CF03-4DF9-9E99-C166BA5E8665}.Debug|x86.Build.0 = Debug|Any CPU
		{21052825-CF03-4DF9-9E99-C166BA5E8665}.Release|Any CPU.ActiveCfg = Release|Any CPU
		{21052825-CF03-4DF9-9E99-C166BA5E8665}.Release|Any CPU.Build.0 = Release|Any CPU
		{21052825-CF03-4DF9-9E99-C166BA5E8665}.Release|x64.ActiveCfg = Release|Any CPU
		{21052825-CF03-4DF9-9E99-C166BA5E8665}.Release|x64.Build.0 = Release|Any CPU
		{21052825-CF03-4DF9-9E99-C166BA5E8665}.Release|x86.ActiveCfg = Release|Any CPU
		{21052825-CF03-4DF9-9E99-C166BA5E8665}.Release|x86.Build.0 = Release|Any CPU
	EndGlobalSection
	GlobalSection(SolutionProperties) = preSolution
		HideSolutionNode = FALSE
	EndGlobalSection
	GlobalSection(NestedProjects) = preSolution
		{3C53C7FE-86B4-4D51-AEAB-5E5BA1137D07} = {437837AA-AECD-4F38-BBB5-AE8873E1DCCC}
		{49D99F31-6FAB-421C-B405-705638F1C091} = {437837AA-AECD-4F38-BBB5-AE8873E1DCCC}
		{8112DE27-B117-42B6-9F4B-FB5A1293DF24} = {437837AA-AECD-4F38-BBB5-AE8873E1DCCC}
		{21052825-CF03-4DF9-9E99-C166BA5E8665} = {437837AA-AECD-4F38-BBB5-AE8873E1DCCC}
	EndGlobalSection
EndGlobal
